# This file is generated by running "yarn install" inside your project.
# Manual changes might be lost - proceed with caution!

__metadata:
  version: 8
  cacheKey: 10c0

"@hono/node-server@npm:^1.13.1":
  version: 1.13.1
  resolution: "@hono/node-server@npm:1.13.1"
  peerDependencies:
    hono: ^4
  checksum: 10c0/165f915c1755fcc8585359e1b25c5ca5389e8f899f34fd8cdcbabfbe13c53b0132bd09540598b391372d83cf5ae0763256a4f92e249b583ce6fc605620b39a74
  languageName: node
  linkType: hard

"hono@npm:^4.6.3":
  version: 4.6.3
  resolution: "hono@npm:4.6.3"
  checksum: 10c0/dce88a9d236a87d454808640593053bc9f8e07724f21eba3f8e364bba7a6f85b177a28ab6f0ffcd355bb07f6a3df52a8cee9d5665f084f2aeefb3eec7c28fdfa
  languageName: node
  linkType: hard

"lowdb@npm:^7.0.1":
  version: 7.0.1
  resolution: "lowdb@npm:7.0.1"
  dependencies:
    steno: "npm:^4.0.2"
  checksum: 10c0/d61f554d6a507419772b07c91982bb72a0d3976dddef83e1d58fb24ff9049398962ec2c1917b3a863aedb46559081e0cd208d032ff3c43b1d59f41be9f4f4022
  languageName: node
  linkType: hard

"remote-lock-screen-server@workspace:.":
  version: 0.0.0-use.local
  resolution: "remote-lock-screen-server@workspace:."
  dependencies:
    "@hono/node-server": "npm:^1.13.1"
    hono: "npm:^4.6.3"
    lowdb: "npm:^7.0.1"
  languageName: unknown
  linkType: soft

"steno@npm:^4.0.2":
  version: 4.0.2
  resolution: "steno@npm:4.0.2"
  checksum: 10c0/fda6bb192bb73ce9453586080aae3fc75506e1c10c9285df49849a016bb9378c6146610f27976708437a6c5492619ec09efb9def6d5397624ae0ad70e57ccaf1
  languageName: node
  linkType: hard
